
Microsoft Visual Studio Solution File, Format Version 12.00
# Visual Studio 15
VisualStudioVersion = 15.0.28307.168
MinimumVisualStudioVersion = 10.0.40219.1
Project("{FAE04EC0-301F-11D3-BF4B-00C04F79EFBC}") = "EmployeeMgtSystem", "EmployeeMgtSystem\EmployeeMgtSystem.csproj", "{740270F7-0921-41DD-8136-1D8678549CEC}"
EndProject
Project("{FAE04EC0-301F-11D3-BF4B-00C04F79EFBC}") = "DataLayer", "DataLayer\DataLayer.csproj", "{E3904985-B6B7-4552-BE79-FD72DBF7AA6E}"
EndProject
Project("{FAE04EC0-301F-11D3-BF4B-00C04F79EFBC}") = "BussinessLayer", "BussinessLayer\BussinessLayer.csproj", "{DB9A16B2-24D4-4C90-9649-6468133A57D3}"
EndProject
Global
	GlobalSection(SolutionConfigurationPlatforms) = preSolution
		Debug|Any CPU = Debug|Any CPU
		Release|Any CPU = Release|Any CPU
	EndGlobalSection
	GlobalSection(ProjectConfigurationPlatforms) = postSolution
		{740270F7-0921-41DD-8136-1D8678549CEC}.Debug|Any CPU.ActiveCfg = Debug|Any CPU
		{740270F7-0921-41DD-8136-1D8678549CEC}.Debug|Any CPU.Build.0 = Debug|Any CPU
		{740270F7-0921-41DD-8136-1D8678549CEC}.Release|Any CPU.ActiveCfg = Release|Any CPU
		{740270F7-0921-41DD-8136-1D8678549CEC}.Release|Any CPU.Build.0 = Release|Any CPU
		{E3904985-B6B7-4552-BE79-FD72DBF7AA6E}.Debug|Any CPU.ActiveCfg = Debug|Any CPU
		{E3904985-B6B7-4552-BE79-FD72DBF7AA6E}.Debug|Any CPU.Build.0 = Debug|Any CPU
		{E3904985-B6B7-4552-BE79-FD72DBF7AA6E}.Release|Any CPU.ActiveCfg = Release|Any CPU
		{E3904985-B6B7-4552-BE79-FD72DBF7AA6E}.Release|Any CPU.Build.0 = Release|Any CPU
		{DB9A16B2-24D4-4C90-9649-6468133A57D3}.Debug|Any CPU.ActiveCfg = Debug|Any CPU
		{DB9A16B2-24D4-4C90-9649-6468133A57D3}.Debug|Any CPU.Build.0 = Debug|Any CPU
		{DB9A16B2-24D4-4C90-9649-6468133A57D3}.Release|Any CPU.ActiveCfg = Release|Any CPU
		{DB9A16B2-24D4-4C90-9649-6468133A57D3}.Release|Any CPU.Build.0 = Release|Any CPU
	EndGlobalSection
	GlobalSection(SolutionProperties) = preSolution
		HideSolutionNode = FALSE
	EndGlobalSection
	GlobalSection(ExtensibilityGlobals) = postSolution
		SolutionGuid = {32B1C51A-50B3-4A6F-8616-058B0CB251FF}
	EndGlobalSection
EndGlobal
